
Microsoft Visual Studio Solution File, Format Version 12.00
# Visual Studio 2013
VisualStudioVersion = 12.0.30723.0
MinimumVisualStudioVersion = 10.0.40219.1
Project("{FAE04EC0-301F-11D3-BF4B-00C04F79EFBC}") = "Red", "Red\Red.csproj", "{B06BCDC9-CA9A-49F0-96DF-50669955E33E}"
EndProject
Project("{FAE04EC0-301F-11D3-BF4B-00C04F79EFBC}") = "Common", "Common\Common.csproj", "{3A9DFFFE-568E-4721-B862-D55FC33F630C}"
EndProject
Project("{FAE04EC0-301F-11D3-BF4B-00C04F79EFBC}") = "Green", "Green\Green.csproj", "{E5597093-234F-4D5E-A639-A7E2EA663C1E}"
EndProject
Project("{FAE04EC0-301F-11D3-BF4B-00C04F79EFBC}") = "Blue", "Blue\Blue.csproj", "{FA68A2D7-7699-40CD-9E2D-6C176F41CB81}"
EndProject
Project("{2150E333-8FDC-42A3-9474-1A3956D46DE8}") = "Solution Items", "Solution Items", "{B2EE158A-142E-4678-A7DD-A852D6D62EE0}"
	ProjectSection(SolutionItems) = preProject
		readme.txt = readme.txt
	EndProjectSection
EndProject
Project("{2150E333-8FDC-42A3-9474-1A3956D46DE8}") = ".nuget", ".nuget", "{16D4AAFB-6671-4042-ACF1-26699CE592A9}"
	ProjectSection(SolutionItems) = preProject
		.nuget\packages.config = .nuget\packages.config
	EndProjectSection
EndProject
Global
	GlobalSection(SolutionConfigurationPlatforms) = preSolution
		Debug|Any CPU = Debug|Any CPU
		Release|Any CPU = Release|Any CPU
	EndGlobalSection
	GlobalSection(ProjectConfigurationPlatforms) = postSolution
		{B06BCDC9-CA9A-49F0-96DF-50669955E33E}.Debug|Any CPU.ActiveCfg = Debug|Any CPU
		{B06BCDC9-CA9A-49F0-96DF-50669955E33E}.Debug|Any CPU.Build.0 = Debug|Any CPU
		{B06BCDC9-CA9A-49F0-96DF-50669955E33E}.Release|Any CPU.ActiveCfg = Release|Any CPU
		{B06BCDC9-CA9A-49F0-96DF-50669955E33E}.Release|Any CPU.Build.0 = Release|Any CPU
		{3A9DFFFE-568E-4721-B862-D55FC33F630C}.Debug|Any CPU.ActiveCfg = Debug|Any CPU
		{3A9DFFFE-568E-4721-B862-D55FC33F630C}.Debug|Any CPU.Build.0 = Debug|Any CPU
		{3A9DFFFE-568E-4721-B862-D55FC33F630C}.Release|Any CPU.ActiveCfg = Release|Any CPU
		{3A9DFFFE-568E-4721-B862-D55FC33F630C}.Release|Any CPU.Build.0 = Release|Any CPU
		{E5597093-234F-4D5E-A639-A7E2EA663C1E}.Debug|Any CPU.ActiveCfg = Debug|Any CPU
		{E5597093-234F-4D5E-A639-A7E2EA663C1E}.Debug|Any CPU.Build.0 = Debug|Any CPU
		{E5597093-234F-4D5E-A639-A7E2EA663C1E}.Release|Any CPU.ActiveCfg = Release|Any CPU
		{E5597093-234F-4D5E-A639-A7E2EA663C1E}.Release|Any CPU.Build.0 = Release|Any CPU
		{FA68A2D7-7699-40CD-9E2D-6C176F41CB81}.Debug|Any CPU.ActiveCfg = Debug|Any CPU
		{FA68A2D7-7699-40CD-9E2D-6C176F41CB81}.Debug|Any CPU.Build.0 = Debug|Any CPU
		{FA68A2D7-7699-40CD-9E2D-6C176F41CB81}.Release|Any CPU.ActiveCfg = Release|Any CPU
		{FA68A2D7-7699-40CD-9E2D-6C176F41CB81}.Release|Any CPU.Build.0 = Release|Any CPU
	EndGlobalSection
	GlobalSection(SolutionProperties) = preSolution
		HideSolutionNode = FALSE
	EndGlobalSection
EndGlobal
